PODS:
  - boost-for-react-native (1.63.0)
  - CocoaAsyncSocket (7.6.4)
  - CocoaLibEvent (1.0.0)
  - DoubleConversion (1.1.6)
  - FBLazyVector (0.63.2)
  - FBReactNativeSpec (0.63.2):
    - RCT-Folly (= 2020.01.13.00)
    - RCTRequired (= 0.63.2)
    - RCTTypeSafety (= 0.63.2)
    - React-Core (= 0.63.2)
    - React-jsi (= 0.63.2)
    - ReactCommon/turbomodule/core (= 0.63.2)
  - Flipper (0.54.0):
    - Flipper-Folly (~> 2.2)
    - Flipper-RSocket (~> 1.1)
  - Flipper-DoubleConversion (1.1.7)
  - Flipper-Folly (2.3.0):
    - boost-for-react-native
    - CocoaLibEvent (~> 1.0)
    - Flipper-DoubleConversion
    - Flipper-Glog
    - OpenSSL-Universal (= 1.0.2.20)
  - Flipper-Glog (0.3.6)
  - Flipper-PeerTalk (0.0.4)
  - Flipper-RSocket (1.1.0):
    - Flipper-Folly (~> 2.2)
  - FlipperKit (0.54.0):
    - FlipperKit/Core (= 0.54.0)
  - FlipperKit/Core (0.54.0):
    - Flipper (~> 0.54.0)
    - FlipperKit/CppBridge
    - FlipperKit/FBCxxFollyDynamicConvert
    - FlipperKit/FBDefines
    - FlipperKit/FKPortForwarding
  - FlipperKit/CppBridge (0.54.0):
    - Flipper (~> 0.54.0)
  - FlipperKit/FBCxxFollyDynamicConvert (0.54.0):
    - Flipper-Folly (~> 2.2)
  - FlipperKit/FBDefines (0.54.0)
  - FlipperKit/FKPortForwarding (0.54.0):
    - CocoaAsyncSocket (~> 7.6)
    - Flipper-PeerTalk (~> 0.0.4)
  - FlipperKit/FlipperKitHighlightOverlay (0.54.0)
  - FlipperKit/FlipperKitLayoutPlugin (0.54.0):
    - FlipperKit/Core
    - FlipperKit/FlipperKitHighlightOverlay
    - FlipperKit/FlipperKitLayoutTextSearchable
    - YogaKit (~> 1.18)
  - FlipperKit/FlipperKitLayoutTextSearchable (0.54.0)
  - FlipperKit/FlipperKitNetworkPlugin (0.54.0):
    - FlipperKit/Core
  - FlipperKit/FlipperKitReactPlugin (0.54.0):
    - FlipperKit/Core
  - FlipperKit/FlipperKitUserDefaultsPlugin (0.54.0):
    - FlipperKit/Core
  - FlipperKit/SKIOSNetworkPlugin (0.54.0):
    - FlipperKit/Core
    - FlipperKit/FlipperKitNetworkPlugin
  - glog (0.3.5)
  - OpenSSL-Universal (1.0.2.20):
    - OpenSSL-Universal/Static (= 1.0.2.20)
  - OpenSSL-Universal/Static (1.0.2.20)
  - RCT-Folly (2020.01.13.00):
    - boost-for-react-native
    - DoubleConversion
    - glog
    - RCT-Folly/Default (= 2020.01.13.00)
  - RCT-Folly/Default (2020.01.13.00):
    - boost-for-react-native
    - DoubleConversion
    - glog
  - RCTRequired (0.63.2)
  - RCTTypeSafety (0.63.2):
    - FBLazyVector (= 0.63.2)
    - RCT-Folly (= 2020.01.13.00)
    - RCTRequired (= 0.63.2)
    - React-Core (= 0.63.2)
  - React (0.63.2):
    - React-Core (= 0.63.2)
    - React-Core/DevSupport (= 0.63.2)
    - React-Core/RCTWebSocket (= 0.63.2)
    - React-RCTActionSheet (= 0.63.2)
    - React-RCTAnimation (= 0.63.2)
    - React-RCTBlob (= 0.63.2)
    - React-RCTImage (= 0.63.2)
    - React-RCTLinking (= 0.63.2)
    - React-RCTNetwork (= 0.63.2)
    - React-RCTSettings (= 0.63.2)
    - React-RCTText (= 0.63.2)
    - React-RCTVibration (= 0.63.2)
  - React-callinvoker (0.63.2)
  - React-Core (0.63.2):
    - glog
    - RCT-Folly (= 2020.01.13.00)
    - React-Core/Default (= 0.63.2)
    - React-cxxreact (= 0.63.2)
    - React-jsi (= 0.63.2)
    - React-jsiexecutor (= 0.63.2)
    - Yoga
  - React-Core/CoreModulesHeaders (0.63.2):
    - glog
    - RCT-Folly (= 2020.01.13.00)
    - React-Core/Default
    - React-cxxreact (= 0.63.2)
    - React-jsi (= 0.63.2)
    - React-jsiexecutor (= 0.63.2)
    - Yoga
  - React-Core/Default (0.63.2):
    - glog
    - RCT-Folly (= 2020.01.13.00)
    - React-cxxreact (= 0.63.2)
    - React-jsi (= 0.63.2)
    - React-jsiexecutor (= 0.63.2)
    - Yoga
  - React-Core/DevSupport (0.63.2):
    - glog
    - RCT-Folly (= 2020.01.13.00)
    - React-Core/Default (= 0.63.2)
    - React-Core/RCTWebSocket (= 0.63.2)
    - React-cxxreact (= 0.63.2)
    - React-jsi (= 0.63.2)
    - React-jsiexecutor (= 0.63.2)
    - React-jsinspector (= 0.63.2)
    - Yoga
  - React-Core/RCTActionSheetHeaders (0.63.2):
    - glog
    - RCT-Folly (= 2020.01.13.00)
    - React-Core/Default
    - React-cxxreact (= 0.63.2)
    - React-jsi (= 0.63.2)
    - React-jsiexecutor (= 0.63.2)
    - Yoga
  - React-Core/RCTAnimationHeaders (0.63.2):
    - glog
    - RCT-Folly (= 2020.01.13.00)
    - React-Core/Default
    - React-cxxreact (= 0.63.2)
    - React-jsi (= 0.63.2)
    - React-jsiexecutor (= 0.63.2)
    - Yoga
  - React-Core/RCTBlobHeaders (0.63.2):
    - glog
    - RCT-Folly (= 2020.01.13.00)
    - React-Core/Default
    - React-cxxreact (= 0.63.2)
    - React-jsi (= 0.63.2)
    - React-jsiexecutor (= 0.63.2)
    - Yoga
  - React-Core/RCTImageHeaders (0.63.2):
    - glog
    - RCT-Folly (= 2020.01.13.00)
    - React-Core/Default
    - React-cxxreact (= 0.63.2)
    - React-jsi (= 0.63.2)
    - React-jsiexecutor (= 0.63.2)
    - Yoga
  - React-Core/RCTLinkingHeaders (0.63.2):
    - glog
    - RCT-Folly (= 2020.01.13.00)
    - React-Core/Default
    - React-cxxreact (= 0.63.2)
    - React-jsi (= 0.63.2)
    - React-jsiexecutor (= 0.63.2)
    - Yoga
  - React-Core/RCTNetworkHeaders (0.63.2):
    - glog
    - RCT-Folly (= 2020.01.13.00)
    - React-Core/Default
    - React-cxxreact (= 0.63.2)
    - React-jsi (= 0.63.2)
    - React-jsiexecutor (= 0.63.2)
    - Yoga
  - React-Core/RCTSettingsHeaders (0.63.2):
    - glog
    - RCT-Folly (= 2020.01.13.00)
    - React-Core/Default
    - React-cxxreact (= 0.63.2)
    - React-jsi (= 0.63.2)
    - React-jsiexecutor (= 0.63.2)
    - Yoga
  - React-Core/RCTTextHeaders (0.63.2):
    - glog
    - RCT-Folly (= 2020.01.13.00)
    - React-Core/Default
    - React-cxxreact (= 0.63.2)
    - React-jsi (= 0.63.2)
    - React-jsiexecutor (= 0.63.2)
    - Yoga
  - React-Core/RCTVibrationHeaders (0.63.2):
    - glog
    - RCT-Folly (= 2020.01.13.00)
    - React-Core/Default
    - React-cxxreact (= 0.63.2)
    - React-jsi (= 0.63.2)
    - React-jsiexecutor (= 0.63.2)
    - Yoga
  - React-Core/RCTWebSocket (0.63.2):
    - glog
    - RCT-Folly (= 2020.01.13.00)
    - React-Core/Default (= 0.63.2)
    - React-cxxreact (= 0.63.2)
    - React-jsi (= 0.63.2)
    - React-jsiexecutor (= 0.63.2)
    - Yoga
  - React-CoreModules (0.63.2):
    - FBReactNativeSpec (= 0.63.2)
    - RCT-Folly (= 2020.01.13.00)
    - RCTTypeSafety (= 0.63.2)
    - React-Core/CoreModulesHeaders (= 0.63.2)
    - React-jsi (= 0.63.2)
    - React-RCTImage (= 0.63.2)
    - ReactCommon/turbomodule/core (= 0.63.2)
  - React-cxxreact (0.63.2):
    - boost-for-react-native (= 1.63.0)
    - DoubleConversion
    - glog
    - RCT-Folly (= 2020.01.13.00)
    - React-callinvoker (= 0.63.2)
    - React-jsinspector (= 0.63.2)
  - React-jsi (0.63.2):
    - boost-for-react-native (= 1.63.0)
    - DoubleConversion
    - glog
    - RCT-Folly (= 2020.01.13.00)
    - React-jsi/Default (= 0.63.2)
  - React-jsi/Default (0.63.2):
    - boost-for-react-native (= 1.63.0)
    - DoubleConversion
    - glog
    - RCT-Folly (= 2020.01.13.00)
  - React-jsiexecutor (0.63.2):
    - DoubleConversion
    - glog
    - RCT-Folly (= 2020.01.13.00)
    - React-cxxreact (= 0.63.2)
    - React-jsi (= 0.63.2)
  - React-jsinspector (0.63.2)
  - React-RCTActionSheet (0.63.2):
    - React-Core/RCTActionSheetHeaders (= 0.63.2)
  - React-RCTAnimation (0.63.2):
    - FBReactNativeSpec (= 0.63.2)
    - RCT-Folly (= 2020.01.13.00)
    - RCTTypeSafety (= 0.63.2)
    - React-Core/RCTAnimationHeaders (= 0.63.2)
    - React-jsi (= 0.63.2)
    - ReactCommon/turbomodule/core (= 0.63.2)
  - React-RCTBlob (0.63.2):
    - FBReactNativeSpec (= 0.63.2)
    - RCT-Folly (= 2020.01.13.00)
    - React-Core/RCTBlobHeaders (= 0.63.2)
    - React-Core/RCTWebSocket (= 0.63.2)
    - React-jsi (= 0.63.2)
    - React-RCTNetwork (= 0.63.2)
    - ReactCommon/turbomodule/core (= 0.63.2)
  - React-RCTImage (0.63.2):
    - FBReactNativeSpec (= 0.63.2)
    - RCT-Folly (= 2020.01.13.00)
    - RCTTypeSafety (= 0.63.2)
    - React-Core/RCTImageHeaders (= 0.63.2)
    - React-jsi (= 0.63.2)
    - React-RCTNetwork (= 0.63.2)
    - ReactCommon/turbomodule/core (= 0.63.2)
  - React-RCTLinking (0.63.2):
    - FBReactNativeSpec (= 0.63.2)
    - React-Core/RCTLinkingHeaders (= 0.63.2)
    - React-jsi (= 0.63.2)
    - ReactCommon/turbomodule/core (= 0.63.2)
  - React-RCTNetwork (0.63.2):
    - FBReactNativeSpec (= 0.63.2)
    - RCT-Folly (= 2020.01.13.00)
    - RCTTypeSafety (= 0.63.2)
    - React-Core/RCTNetworkHeaders (= 0.63.2)
    - React-jsi (= 0.63.2)
    - ReactCommon/turbomodule/core (= 0.63.2)
  - React-RCTSettings (0.63.2):
    - FBReactNativeSpec (= 0.63.2)
    - RCT-Folly (= 2020.01.13.00)
    - RCTTypeSafety (= 0.63.2)
    - React-Core/RCTSettingsHeaders (= 0.63.2)
    - React-jsi (= 0.63.2)
    - ReactCommon/turbomodule/core (= 0.63.2)
  - React-RCTText (0.63.2):
    - React-Core/RCTTextHeaders (= 0.63.2)
  - React-RCTVibration (0.63.2):
    - FBReactNativeSpec (= 0.63.2)
    - RCT-Folly (= 2020.01.13.00)
    - React-Core/RCTVibrationHeaders (= 0.63.2)
    - React-jsi (= 0.63.2)
    - ReactCommon/turbomodule/core (= 0.63.2)
  - ReactCommon/turbomodule/core (0.63.2):
    - DoubleConversion
    - glog
    - RCT-Folly (= 2020.01.13.00)
    - React-callinvoker (= 0.63.2)
    - React-Core (= 0.63.2)
    - React-cxxreact (= 0.63.2)
    - React-jsi (= 0.63.2)
  - Yoga (1.14.0)
  - YogaKit (1.18.1):
    - Yoga (~> 1.14)

DEPENDENCIES:
  - boost-for-react-native (from `../node_modules/react-native-macos/third-party-podspecs/boost-for-react-native.podspec`)
  - DoubleConversion (from `../node_modules/react-native-macos/third-party-podspecs/DoubleConversion.podspec`)
  - FBLazyVector (from `../node_modules/react-native-macos/Libraries/FBLazyVector`)
  - FBReactNativeSpec (from `../node_modules/react-native-macos/Libraries/FBReactNativeSpec`)
  - Flipper (~> 0.54.0)
  - Flipper-DoubleConversion (= 1.1.7)
  - Flipper-Folly (~> 2.2)
  - Flipper-Glog (= 0.3.6)
  - Flipper-PeerTalk (~> 0.0.4)
  - Flipper-RSocket (~> 1.1)
  - FlipperKit (~> 0.54.0)
  - FlipperKit/Core (~> 0.54.0)
  - FlipperKit/CppBridge (~> 0.54.0)
  - FlipperKit/FBCxxFollyDynamicConvert (~> 0.54.0)
  - FlipperKit/FBDefines (~> 0.54.0)
  - FlipperKit/FKPortForwarding (~> 0.54.0)
  - FlipperKit/FlipperKitHighlightOverlay (~> 0.54.0)
  - FlipperKit/FlipperKitLayoutPlugin (~> 0.54.0)
  - FlipperKit/FlipperKitLayoutTextSearchable (~> 0.54.0)
  - FlipperKit/FlipperKitNetworkPlugin (~> 0.54.0)
  - FlipperKit/FlipperKitReactPlugin (~> 0.54.0)
  - FlipperKit/FlipperKitUserDefaultsPlugin (~> 0.54.0)
  - FlipperKit/SKIOSNetworkPlugin (~> 0.54.0)
  - glog (from `../node_modules/react-native-macos/third-party-podspecs/glog.podspec`)
  - RCT-Folly (from `../node_modules/react-native-macos/third-party-podspecs/RCT-Folly.podspec`)
  - RCTRequired (from `../node_modules/react-native-macos/Libraries/RCTRequired`)
  - RCTTypeSafety (from `../node_modules/react-native-macos/Libraries/TypeSafety`)
  - React (from `../node_modules/react-native-macos/`)
  - React-callinvoker (from `../node_modules/react-native-macos/ReactCommon/callinvoker`)
  - React-Core (from `../node_modules/react-native-macos/`)
  - React-Core/DevSupport (from `../node_modules/react-native-macos/`)
  - React-Core/RCTWebSocket (from `../node_modules/react-native-macos/`)
  - React-CoreModules (from `../node_modules/react-native-macos/React/CoreModules`)
  - React-cxxreact (from `../node_modules/react-native-macos/ReactCommon/cxxreact`)
  - React-jsi (from `../node_modules/react-native-macos/ReactCommon/jsi`)
  - React-jsiexecutor (from `../node_modules/react-native-macos/ReactCommon/jsiexecutor`)
  - React-jsinspector (from `../node_modules/react-native-macos/ReactCommon/jsinspector`)
  - React-RCTActionSheet (from `../node_modules/react-native-macos/Libraries/ActionSheetIOS`)
  - React-RCTAnimation (from `../node_modules/react-native-macos/Libraries/NativeAnimation`)
  - React-RCTBlob (from `../node_modules/react-native-macos/Libraries/Blob`)
  - React-RCTImage (from `../node_modules/react-native-macos/Libraries/Image`)
  - React-RCTLinking (from `../node_modules/react-native-macos/Libraries/LinkingIOS`)
  - React-RCTNetwork (from `../node_modules/react-native-macos/Libraries/Network`)
  - React-RCTSettings (from `../node_modules/react-native-macos/Libraries/Settings`)
  - React-RCTText (from `../node_modules/react-native-macos/Libraries/Text`)
  - React-RCTVibration (from `../node_modules/react-native-macos/Libraries/Vibration`)
  - ReactCommon/turbomodule/core (from `../node_modules/react-native-macos/ReactCommon`)
  - Yoga (from `../node_modules/react-native-macos/ReactCommon/yoga`)

SPEC REPOS:
  trunk:
    - CocoaAsyncSocket
    - CocoaLibEvent
    - Flipper
    - Flipper-DoubleConversion
    - Flipper-Folly
    - Flipper-Glog
    - Flipper-PeerTalk
    - Flipper-RSocket
    - FlipperKit
    - OpenSSL-Universal
    - YogaKit

EXTERNAL SOURCES:
  boost-for-react-native:
    :podspec: "../node_modules/react-native-macos/third-party-podspecs/boost-for-react-native.podspec"
  DoubleConversion:
    :podspec: "../node_modules/react-native-macos/third-party-podspecs/DoubleConversion.podspec"
  FBLazyVector:
    :path: "../node_modules/react-native-macos/Libraries/FBLazyVector"
  FBReactNativeSpec:
    :path: "../node_modules/react-native-macos/Libraries/FBReactNativeSpec"
  glog:
    :podspec: "../node_modules/react-native-macos/third-party-podspecs/glog.podspec"
  RCT-Folly:
    :podspec: "../node_modules/react-native-macos/third-party-podspecs/RCT-Folly.podspec"
  RCTRequired:
    :path: "../node_modules/react-native-macos/Libraries/RCTRequired"
  RCTTypeSafety:
    :path: "../node_modules/react-native-macos/Libraries/TypeSafety"
  React:
    :path: "../node_modules/react-native-macos/"
  React-callinvoker:
    :path: "../node_modules/react-native-macos/ReactCommon/callinvoker"
  React-Core:
    :path: "../node_modules/react-native-macos/"
  React-CoreModules:
    :path: "../node_modules/react-native-macos/React/CoreModules"
  React-cxxreact:
    :path: "../node_modules/react-native-macos/ReactCommon/cxxreact"
  React-jsi:
    :path: "../node_modules/react-native-macos/ReactCommon/jsi"
  React-jsiexecutor:
    :path: "../node_modules/react-native-macos/ReactCommon/jsiexecutor"
  React-jsinspector:
    :path: "../node_modules/react-native-macos/ReactCommon/jsinspector"
  React-RCTActionSheet:
    :path: "../node_modules/react-native-macos/Libraries/ActionSheetIOS"
  React-RCTAnimation:
    :path: "../node_modules/react-native-macos/Libraries/NativeAnimation"
  React-RCTBlob:
    :path: "../node_modules/react-native-macos/Libraries/Blob"
  React-RCTImage:
    :path: "../node_modules/react-native-macos/Libraries/Image"
  React-RCTLinking:
    :path: "../node_modules/react-native-macos/Libraries/LinkingIOS"
  React-RCTNetwork:
    :path: "../node_modules/react-native-macos/Libraries/Network"
  React-RCTSettings:
    :path: "../node_modules/react-native-macos/Libraries/Settings"
  React-RCTText:
    :path: "../node_modules/react-native-macos/Libraries/Text"
  React-RCTVibration:
    :path: "../node_modules/react-native-macos/Libraries/Vibration"
  ReactCommon:
    :path: "../node_modules/react-native-macos/ReactCommon"
  Yoga:
    :path: "../node_modules/react-native-macos/ReactCommon/yoga"

SPEC CHECKSUMS:
  boost-for-react-native: dabda8622e76020607c2ae1e65cc0cda8b61479d
  CocoaAsyncSocket: 694058e7c0ed05a9e217d1b3c7ded962f4180845
  CocoaLibEvent: 2fab71b8bd46dd33ddb959f7928ec5909f838e3f
  DoubleConversion: 56a44bcfd14ab2ff66f5a146b2e875eb4b69b19b
  FBLazyVector: cf63e124cd0a0fb951f73771c8f14399c44ad8ce
  FBReactNativeSpec: f3110064794d0e5d5e3db403ab85815a0c6ab5cd
  Flipper: be611d4b742d8c87fbae2ca5f44603a02539e365
  Flipper-DoubleConversion: 38631e41ef4f9b12861c67d17cb5518d06badc41
  Flipper-Folly: e4493b013c02d9347d5e0cb4d128680239f6c78a
  Flipper-Glog: 1dfd6abf1e922806c52ceb8701a3599a79a200a6
  Flipper-PeerTalk: 116d8f857dc6ef55c7a5a75ea3ceaafe878aadc9
  Flipper-RSocket: 64e7431a55835eb953b0bf984ef3b90ae9fdddd7
  FlipperKit: ab353d41aea8aae2ea6daaf813e67496642f3d7d
  glog: 1cb7c408c781ae8f35bbababe459b45e3dee4ec1
  OpenSSL-Universal: ff34003318d5e1163e9529b08470708e389ffcdd
  RCT-Folly: 1347093ffe75e152d846f7e45a3ef901b60021aa
  RCTRequired: 7868d24490145731739d2640eb40d22e788d12ea
  RCTTypeSafety: 01b88347160c2bdb64afcf191c258cb2dbb934c3
  React: 6407bdea691d5556c207260ec4c08905b01f3ad1
  React-callinvoker: 753b90be12b47495940503252e4622e219034941
  React-Core: 67815db21136291e051df99a182c26739abfb252
  React-CoreModules: 0338e25d0cdfba98cfb8b26de22df599f745ec81
  React-cxxreact: 12c1a9a26ea192f40b7e97cedd37cc781f32c0ff
  React-jsi: 4f2c4b88347ab01b3f3dd2a2d9fa0a26f73a77f8
  React-jsiexecutor: 802598e149e16cd32dc3aac15c270f21aa455ff9
  React-jsinspector: e73418b47f2bfbba8f6961d41f0a5acacc4d57ce
  React-RCTActionSheet: 48664677b0e7a4bbab797a34aadd964a5409ec78
  React-RCTAnimation: 647fd59e751c0edb39a7e8ca31dbbc3436c104fe
  React-RCTBlob: f990b48d978ac56ed810b94ab4a85362fd513ca6
  React-RCTImage: 90d875754676a80c9b5d2bc4db01446eefe8df72
  React-RCTLinking: dc8ec72dc753522609d73477976473cd42a7bfca
  React-RCTNetwork: 3eb0263f56ef752f812b58b1fd463e11669f2097
  React-RCTSettings: d967294cc6bc48345dbb866df5bfd88d9b561b3b
  React-RCTText: 1743e364f0c57df91d799ec07c7cfb31fd8d2d0b
  React-RCTVibration: b107653be9836a9eb9af651db627ae041f429826
  ReactCommon: 010c0d6a672d705afa374a13f40bbccca03392a8
  Yoga: 184ff6c6ef9ffa996d5816882cd1feb8f2fd6503
  YogaKit: f782866e155069a2cca2517aafea43200b01fd5a

PODFILE CHECKSUM: f01727c16547a1fa16b3557d9a83d2f629b85f14

COCOAPODS: 1.8.4
